# This file is automatically @generated by Cargo.
# It is not intended for manual editing.
[[package]]
name = "anyhow"
version = "1.0.38"
source = "registry+https://github.com/rust-lang/crates.io-index"
checksum = "afddf7f520a80dbf76e6f50a35bca42a2331ef227a28b3b6dc5c2e2338d114b1"

[[package]]
name = "hound"
version = "3.4.0"
source = "registry+https://github.com/rust-lang/crates.io-index"
checksum = "8a164bb2ceaeff4f42542bdb847c41517c78a60f5649671b2a07312b6e117549"

[[package]]
name = "scopefig"
version = "0.1.0"
dependencies = [
 "anyhow",
 "hound",
 "svg",
]

[[package]]
name = "svg"
version = "0.9.1"
source = "registry+https://github.com/rust-lang/crates.io-index"
checksum = "a95656b5b37251de210aa2751d538b6f31ce375bacf725a32223bfa6344e0776"
