# This file is automatically @generated by Cargo.
# It is not intended for manual editing.
[[package]]
name = "anyhow"
version = "1.0.38"
source = "registry+https://github.com/rust-lang/crates.io-index"
checksum = "afddf7f520a80dbf76e6f50a35bca42a2331ef227a28b3b6dc5c2e2338d114b1"

[[package]]
name = "bitflags"
version = "1.2.1"
source = "registry+https://github.com/rust-lang/crates.io-index"
checksum = "cf1de2fe8c75bc145a2f577add951f8134889b4795d47466a54a5c846d691693"

[[package]]
name = "cfg-if"
version = "1.0.0"
source = "registry+https://github.com/rust-lang/crates.io-index"
checksum = "baf1de4339761588bc0619e3cbc0120ee582ebb74b53b4efbf79117bd2da40fd"

[[package]]
name = "either"
version = "1.6.1"
source = "registry+https://github.com/rust-lang/crates.io-index"
checksum = "e78d4f1cc4ae33bbfc157ed5d5a5ef3bc29227303d595861deb238fcec4e9457"

[[package]]
name = "itertools"
version = "0.10.0"
source = "registry+https://github.com/rust-lang/crates.io-index"
checksum = "37d572918e350e82412fe766d24b15e6682fb2ed2bbe018280caa810397cb319"
dependencies = [
 "either",
]

[[package]]
name = "jack"
version = "0.6.5"
source = "registry+https://github.com/rust-lang/crates.io-index"
checksum = "7c1871c91fa65aa328f3bedbaa54a6e5d1de009264684c153eb708ba933aa6f5"
dependencies = [
 "bitflags",
 "jack-sys",
 "lazy_static",
 "libc",
]

[[package]]
name = "jack-sys"
version = "0.2.1"
source = "registry+https://github.com/rust-lang/crates.io-index"
checksum = "8e1d6ab7ada402b6a27912a2b86504be62a48c58313c886fe72a059127acb4d7"
dependencies = [
 "lazy_static",
 "libc",
 "libloading",
]

[[package]]
name = "lazy_static"
version = "1.4.0"
source = "registry+https://github.com/rust-lang/crates.io-index"
checksum = "e2abad23fbc42b3700f2f279844dc832adb2b2eb069b2df918f455c4e18cc646"

[[package]]
name = "libc"
version = "0.2.88"
source = "registry+https://github.com/rust-lang/crates.io-index"
checksum = "03b07a082330a35e43f63177cc01689da34fbffa0105e1246cf0311472cac73a"

[[package]]
name = "libloading"
version = "0.6.7"
source = "registry+https://github.com/rust-lang/crates.io-index"
checksum = "351a32417a12d5f7e82c368a66781e307834dae04c6ce0cd4456d52989229883"
dependencies = [
 "cfg-if",
 "winapi",
]

[[package]]
name = "scopefig"
version = "0.1.0"
dependencies = [
 "anyhow",
 "itertools",
 "jack",
]

[[package]]
name = "winapi"
version = "0.3.9"
source = "registry+https://github.com/rust-lang/crates.io-index"
checksum = "5c839a674fcd7a98952e593242ea400abe93992746761e38641405d28b00f419"
dependencies = [
 "winapi-i686-pc-windows-gnu",
 "winapi-x86_64-pc-windows-gnu",
]

[[package]]
name = "winapi-i686-pc-windows-gnu"
version = "0.4.0"
source = "registry+https://github.com/rust-lang/crates.io-index"
checksum = "ac3b87c63620426dd9b991e5ce0329eff545bccbbb34f3be09ff6fb6ab51b7b6"

[[package]]
name = "winapi-x86_64-pc-windows-gnu"
version = "0.4.0"
source = "registry+https://github.com/rust-lang/crates.io-index"
checksum = "712e227841d057c1ee1cd2fb22fa7e5a5461ae8e48fa2ca79ec42cfc1931183f"
